// !$*UTF8*$!
{
	archiveVersion = 1;
	classes = {
	};
	objectVersion = 46;
	objects = {

/* Begin PBXBuildFile section */
		C0C8049B19120D27009C50FA /* Foundation.framework in Frameworks */ = {isa = PBXBuildFile; fileRef = C0C8049A19120D27009C50FA /* Foundation.framework */; };
		C0C8049D19120D27009C50FA /* CoreGraphics.framework in Frameworks */ = {isa = PBXBuildFile; fileRef = C0C8049C19120D27009C50FA /* CoreGraphics.framework */; };
		C0C8049F19120D27009C50FA /* UIKit.framework in Frameworks */ = {isa = PBXBuildFile; fileRef = C0C8049E19120D27009C50FA /* UIKit.framework */; };
		C0C804A519120D27009C50FA /* InfoPlist.strings in Resources */ = {isa = PBXBuildFile; fileRef = C0C804A319120D27009C50FA /* InfoPlist.strings */; };
		C0C804A719120D27009C50FA /* main.m in Sources */ = {isa = PBXBuildFile; fileRef = C0C804A619120D27009C50FA /* main.m */; };
		C0C804AB19120D27009C50FA /* BRWAppDelegate.m in Sources */ = {isa = PBXBuildFile; fileRef = C0C804AA19120D27009C50FA /* BRWAppDelegate.m */; };
		C0C804B119120D27009C50FA /* BRWViewController.m in Sources */ = {isa = PBXBuildFile; fileRef = C0C804B019120D27009C50FA /* BRWViewController.m */; };
		C0C804B319120D27009C50FA /* Images.xcassets in Resources */ = {isa = PBXBuildFile; fileRef = C0C804B219120D27009C50FA /* Images.xcassets */; };
		C0C804BA19120D27009C50FA /* XCTest.framework in Frameworks */ = {isa = PBXBuildFile; fileRef = C0C804B919120D27009C50FA /* XCTest.framework */; };
		C0C804BB19120D27009C50FA /* Foundation.framework in Frameworks */ = {isa = PBXBuildFile; fileRef = C0C8049A19120D27009C50FA /* Foundation.framework */; };
		C0C804BC19120D27009C50FA /* UIKit.framework in Frameworks */ = {isa = PBXBuildFile; fileRef = C0C8049E19120D27009C50FA /* UIKit.framework */; };
		C0C804C419120D27009C50FA /* InfoPlist.strings in Resources */ = {isa = PBXBuildFile; fileRef = C0C804C219120D27009C50FA /* InfoPlist.strings */; };
		C0C804C619120D27009C50FA /* BrewTests.m in Sources */ = {isa = PBXBuildFile; fileRef = C0C804C519120D27009C50FA /* BrewTests.m */; };
		E63E7DD7406A497B90EF06B5 /* libPods.a in Frameworks */ = {isa = PBXBuildFile; fileRef = 83B74AFB3CE349BF89E1731A /* libPods.a */; };
/* End PBXBuildFile section */

/* Begin PBXContainerItemProxy section */
		C0C804BD19120D27009C50FA /* PBXContainerItemProxy */ = {
			isa = PBXContainerItemProxy;
			containerPortal = C0C8048F19120D27009C50FA /* Project object */;
			proxyType = 1;
			remoteGlobalIDString = C0C8049619120D27009C50FA;
			remoteInfo = Brew;
		};
/* End PBXContainerItemProxy section */

/* Begin PBXFileReference section */
		4A66ADF8C47F4D11B16B8C97 /* Pods.xcconfig */ = {isa = PBXFileReference; includeInIndex = 1; lastKnownFileType = text.xcconfig; name = Pods.xcconfig; path = Pods/Pods.xcconfig; sourceTree = "<group>"; };
		83B74AFB3CE349BF89E1731A /* libPods.a */ = {isa = PBXFileReference; explicitFileType = archive.ar; includeInIndex = 0; path = libPods.a; sourceTree = BUILT_PRODUCTS_DIR; };
		C0C8049719120D27009C50FA /* Brew.app */ = {isa = PBXFileReference; explicitFileType = wrapper.application; includeInIndex = 0; path = Brew.app; sourceTree = BUILT_PRODUCTS_DIR; };
		C0C8049A19120D27009C50FA /* Foundation.framework */ = {isa = PBXFileReference; lastKnownFileType = wrapper.framework; name = Foundation.framework; path = System/Library/Frameworks/Foundation.framework; sourceTree = SDKROOT; };
		C0C8049C19120D27009C50FA /* CoreGraphics.framework */ = {isa = PBXFileReference; lastKnownFileType = wrapper.framework; name = CoreGraphics.framework; path = System/Library/Frameworks/CoreGraphics.framework; sourceTree = SDKROOT; };
		C0C8049E19120D27009C50FA /* UIKit.framework */ = {isa = PBXFileReference; lastKnownFileType = wrapper.framework; name = UIKit.framework; path = System/Library/Frameworks/UIKit.framework; sourceTree = SDKROOT; };
		C0C804A219120D27009C50FA /* Brew-Info.plist */ = {isa = PBXFileReference; lastKnownFileType = text.plist.xml; path = "Brew-Info.plist"; sourceTree = "<group>"; };
		C0C804A419120D27009C50FA /* en */ = {isa = PBXFileReference; lastKnownFileType = text.plist.strings; name = en; path = en.lproj/InfoPlist.strings; sourceTree = "<group>"; };
		C0C804A619120D27009C50FA /* main.m */ = {isa = PBXFileReference; lastKnownFileType = sourcecode.c.objc; path = main.m; sourceTree = "<group>"; };
		C0C804A819120D27009C50FA /* Brew-Prefix.pch */ = {isa = PBXFileReference; lastKnownFileType = sourcecode.c.h; path = "Brew-Prefix.pch"; sourceTree = "<group>"; };
		C0C804A919120D27009C50FA /* BRWAppDelegate.h */ = {isa = PBXFileReference; lastKnownFileType = sourcecode.c.h; path = BRWAppDelegate.h; sourceTree = "<group>"; };
		C0C804AA19120D27009C50FA /* BRWAppDelegate.m */ = {isa = PBXFileReference; lastKnownFileType = sourcecode.c.objc; path = BRWAppDelegate.m; sourceTree = "<group>"; };
		C0C804AF19120D27009C50FA /* BRWViewController.h */ = {isa = PBXFileReference; lastKnownFileType = sourcecode.c.h; path = BRWViewController.h; sourceTree = "<group>"; };
		C0C804B019120D27009C50FA /* BRWViewController.m */ = {isa = PBXFileReference; lastKnownFileType = sourcecode.c.objc; path = BRWViewController.m; sourceTree = "<group>"; };
		C0C804B219120D27009C50FA /* Images.xcassets */ = {isa = PBXFileReference; lastKnownFileType = folder.assetcatalog; path = Images.xcassets; sourceTree = "<group>"; };
		C0C804B819120D27009C50FA /* BrewTests.xctest */ = {isa = PBXFileReference; explicitFileType = wrapper.cfbundle; includeInIndex = 0; path = BrewTests.xctest; sourceTree = BUILT_PRODUCTS_DIR; };
		C0C804B919120D27009C50FA /* XCTest.framework */ = {isa = PBXFileReference; lastKnownFileType = wrapper.framework; name = XCTest.framework; path = Library/Frameworks/XCTest.framework; sourceTree = DEVELOPER_DIR; };
		C0C804C119120D27009C50FA /* BrewTests-Info.plist */ = {isa = PBXFileReference; lastKnownFileType = text.plist.xml; path = "BrewTests-Info.plist"; sourceTree = "<group>"; };
		C0C804C319120D27009C50FA /* en */ = {isa = PBXFileReference; lastKnownFileType = text.plist.strings; name = en; path = en.lproj/InfoPlist.strings; sourceTree = "<group>"; };
		C0C804C519120D27009C50FA /* BrewTests.m */ = {isa = PBXFileReference; lastKnownFileType = sourcecode.c.objc; path = BrewTests.m; sourceTree = "<group>"; };
/* End PBXFileReference section */

/* Begin PBXFrameworksBuildPhase section */
		C0C8049419120D27009C50FA /* Frameworks */ = {
			isa = PBXFrameworksBuildPhase;
			buildActionMask = 2147483647;
			files = (
				C0C8049D19120D27009C50FA /* CoreGraphics.framework in Frameworks */,
				C0C8049F19120D27009C50FA /* UIKit.framework in Frameworks */,
				C0C8049B19120D27009C50FA /* Foundation.framework in Frameworks */,
				E63E7DD7406A497B90EF06B5 /* libPods.a in Frameworks */,
			);
			runOnlyForDeploymentPostprocessing = 0;
		};
		C0C804B519120D27009C50FA /* Frameworks */ = {
			isa = PBXFrameworksBuildPhase;
			buildActionMask = 2147483647;
			files = (
				C0C804BA19120D27009C50FA /* XCTest.framework in Frameworks */,
				C0C804BC19120D27009C50FA /* UIKit.framework in Frameworks */,
				C0C804BB19120D27009C50FA /* Foundation.framework in Frameworks */,
			);
			runOnlyForDeploymentPostprocessing = 0;
		};
/* End PBXFrameworksBuildPhase section */

/* Begin PBXGroup section */
		C0C8048E19120D27009C50FA = {
			isa = PBXGroup;
			children = (
				C0C804A019120D27009C50FA /* Brew */,
				C0C804BF19120D27009C50FA /* BrewTests */,
				C0C8049919120D27009C50FA /* Frameworks */,
				C0C8049819120D27009C50FA /* Products */,
				4A66ADF8C47F4D11B16B8C97 /* Pods.xcconfig */,
			);
			sourceTree = "<group>";
		};
		C0C8049819120D27009C50FA /* Products */ = {
			isa = PBXGroup;
			children = (
				C0C8049719120D27009C50FA /* Brew.app */,
				C0C804B819120D27009C50FA /* BrewTests.xctest */,
			);
			name = Products;
			sourceTree = "<group>";
		};
		C0C8049919120D27009C50FA /* Frameworks */ = {
			isa = PBXGroup;
			children = (
				C0C8049A19120D27009C50FA /* Foundation.framework */,
				C0C8049C19120D27009C50FA /* CoreGraphics.framework */,
				C0C8049E19120D27009C50FA /* UIKit.framework */,
				C0C804B919120D27009C50FA /* XCTest.framework */,
				83B74AFB3CE349BF89E1731A /* libPods.a */,
			);
			name = Frameworks;
			sourceTree = "<group>";
		};
		C0C804A019120D27009C50FA /* Brew */ = {
			isa = PBXGroup;
			children = (
				C0C804A919120D27009C50FA /* BRWAppDelegate.h */,
				C0C804AA19120D27009C50FA /* BRWAppDelegate.m */,
				C0C804AF19120D27009C50FA /* BRWViewController.h */,
				C0C804B019120D27009C50FA /* BRWViewController.m */,
				C0C804B219120D27009C50FA /* Images.xcassets */,
				C0C804A119120D27009C50FA /* Supporting Files */,
			);
			path = Brew;
			sourceTree = "<group>";
		};
		C0C804A119120D27009C50FA /* Supporting Files */ = {
			isa = PBXGroup;
			children = (
				C0C804A219120D27009C50FA /* Brew-Info.plist */,
				C0C804A319120D27009C50FA /* InfoPlist.strings */,
				C0C804A619120D27009C50FA /* main.m */,
				C0C804A819120D27009C50FA /* Brew-Prefix.pch */,
			);
			name = "Supporting Files";
			sourceTree = "<group>";
		};
		C0C804BF19120D27009C50FA /* BrewTests */ = {
			isa = PBXGroup;
			children = (
				C0C804C519120D27009C50FA /* BrewTests.m */,
				C0C804C019120D27009C50FA /* Supporting Files */,
			);
			path = BrewTests;
			sourceTree = "<group>";
		};
		C0C804C019120D27009C50FA /* Supporting Files */ = {
			isa = PBXGroup;
			children = (
				C0C804C119120D27009C50FA /* BrewTests-Info.plist */,
				C0C804C219120D27009C50FA /* InfoPlist.strings */,
			);
			name = "Supporting Files";
			sourceTree = "<group>";
		};
/* End PBXGroup section */

/* Begin PBXNativeTarget section */
		C0C8049619120D27009C50FA /* Brew */ = {
			isa = PBXNativeTarget;
			buildConfigurationList = C0C804C919120D27009C50FA /* Build configuration list for PBXNativeTarget "Brew" */;
			buildPhases = (
				3032E6B821F2406AAC35942F /* Check Pods Manifest.lock */,
				C0C8049319120D27009C50FA /* Sources */,
				C0C8049419120D27009C50FA /* Frameworks */,
				C0C8049519120D27009C50FA /* Resources */,
				B1B09FC60E99422483C0982C /* Copy Pods Resources */,
			);
			buildRules = (
			);
			dependencies = (
			);
			name = Brew;
			productName = Brew;
			productReference = C0C8049719120D27009C50FA /* Brew.app */;
			productType = "com.apple.product-type.application";
		};
		C0C804B719120D27009C50FA /* BrewTests */ = {
			isa = PBXNativeTarget;
			buildConfigurationList = C0C804CC19120D27009C50FA /* Build configuration list for PBXNativeTarget "BrewTests" */;
			buildPhases = (
				C0C804B419120D27009C50FA /* Sources */,
				C0C804B519120D27009C50FA /* Frameworks */,
				C0C804B619120D27009C50FA /* Resources */,
			);
			buildRules = (
			);
			dependencies = (
				C0C804BE19120D27009C50FA /* PBXTargetDependency */,
			);
			name = BrewTests;
			productName = BrewTests;
			productReference = C0C804B819120D27009C50FA /* BrewTests.xctest */;
			productType = "com.apple.product-type.bundle.unit-test";
		};
/* End PBXNativeTarget section */

/* Begin PBXProject section */
		C0C8048F19120D27009C50FA /* Project object */ = {
			isa = PBXProject;
			attributes = {
				CLASSPREFIX = BRW;
				LastUpgradeCheck = 0510;
				ORGANIZATIONNAME = "Tivona & Porter";
				TargetAttributes = {
					C0C804B719120D27009C50FA = {
						TestTargetID = C0C8049619120D27009C50FA;
					};
				};
			};
			buildConfigurationList = C0C8049219120D27009C50FA /* Build configuration list for PBXProject "Brew" */;
			compatibilityVersion = "Xcode 3.2";
			developmentRegion = English;
			hasScannedForEncodings = 0;
			knownRegions = (
				en,
				Base,
			);
			mainGroup = C0C8048E19120D27009C50FA;
			productRefGroup = C0C8049819120D27009C50FA /* Products */;
			projectDirPath = "";
			projectRoot = "";
			targets = (
				C0C8049619120D27009C50FA /* Brew */,
				C0C804B719120D27009C50FA /* BrewTests */,
			);
		};
/* End PBXProject section */

/* Begin PBXResourcesBuildPhase section */
		C0C8049519120D27009C50FA /* Resources */ = {
			isa = PBXResourcesBuildPhase;
			buildActionMask = 2147483647;
			files = (
				C0C804B319120D27009C50FA /* Images.xcassets in Resources */,
				C0C804A519120D27009C50FA /* InfoPlist.strings in Resources */,
			);
			runOnlyForDeploymentPostprocessing = 0;
		};
		C0C804B619120D27009C50FA /* Resources */ = {
			isa = PBXResourcesBuildPhase;
			buildActionMask = 2147483647;
			files = (
				C0C804C419120D27009C50FA /* InfoPlist.strings in Resources */,
			);
			runOnlyForDeploymentPostprocessing = 0;
		};
/* End PBXResourcesBuildPhase section */

/* Begin PBXShellScriptBuildPhase section */
		3032E6B821F2406AAC35942F /* Check Pods Manifest.lock */ = {
			isa = PBXShellScriptBuildPhase;
			buildActionMask = 2147483647;
			files = (
			);
			inputPaths = (
			);
			name = "Check Pods Manifest.lock";
			outputPaths = (
			);
			runOnlyForDeploymentPostprocessing = 0;
			shellPath = /bin/sh;
			shellScript = "diff \"${PODS_ROOT}/../Podfile.lock\" \"${PODS_ROOT}/Manifest.lock\" > /dev/null\nif [[ $? != 0 ]] ; then\n    cat << EOM\nerror: The sandbox is not in sync with the Podfile.lock. Run 'pod install' or update your CocoaPods installation.\nEOM\n    exit 1\nfi\n";
			showEnvVarsInLog = 0;
		};
		B1B09FC60E99422483C0982C /* Copy Pods Resources */ = {
			isa = PBXShellScriptBuildPhase;
			buildActionMask = 2147483647;
			files = (
			);
			inputPaths = (
			);
			name = "Copy Pods Resources";
			outputPaths = (
			);
			runOnlyForDeploymentPostprocessing = 0;
			shellPath = /bin/sh;
			shellScript = "\"${SRCROOT}/Pods/Pods-resources.sh\"\n";
			showEnvVarsInLog = 0;
		};
/* End PBXShellScriptBuildPhase section */

/* Begin PBXSourcesBuildPhase section */
		C0C8049319120D27009C50FA /* Sources */ = {
			isa = PBXSourcesBuildPhase;
			buildActionMask = 2147483647;
			files = (
				C0C804B119120D27009C50FA /* BRWViewController.m in Sources */,
				C0C804AB19120D27009C50FA /* BRWAppDelegate.m in Sources */,
				C0C804A719120D27009C50FA /* main.m in Sources */,
			);
			runOnlyForDeploymentPostprocessing = 0;
		};
		C0C804B419120D27009C50FA /* Sources */ = {
			isa = PBXSourcesBuildPhase;
			buildActionMask = 2147483647;
			files = (
				C0C804C619120D27009C50FA /* BrewTests.m in Sources */,
			);
			runOnlyForDeploymentPostprocessing = 0;
		};
/* End PBXSourcesBuildPhase section */

/* Begin PBXTargetDependency section */
		C0C804BE19120D27009C50FA /* PBXTargetDependency */ = {
			isa = PBXTargetDependency;
			target = C0C8049619120D27009C50FA /* Brew */;
			targetProxy = C0C804BD19120D27009C50FA /* PBXContainerItemProxy */;
		};
/* End PBXTargetDependency section */

/* Begin PBXVariantGroup section */
		C0C804A319120D27009C50FA /* InfoPlist.strings */ = {
			isa = PBXVariantGroup;
			children = (
				C0C804A419120D27009C50FA /* en */,
			);
			name = InfoPlist.strings;
			sourceTree = "<group>";
		};
		C0C804C219120D27009C50FA /* InfoPlist.strings */ = {
			isa = PBXVariantGroup;
			children = (
				C0C804C319120D27009C50FA /* en */,
			);
			name = InfoPlist.strings;
			sourceTree = "<group>";
		};
/* End PBXVariantGroup section */

/* Begin XCBuildConfiguration section */
		C0C804C719120D27009C50FA /* Debug */ = {
			isa = XCBuildConfiguration;
			buildSettings = {
				ALWAYS_SEARCH_USER_PATHS = NO;
				CLANG_CXX_LANGUAGE_STANDARD = "gnu++0x";
				CLANG_CXX_LIBRARY = "libc++";
				CLANG_ENABLE_MODULES = YES;
				CLANG_ENABLE_OBJC_ARC = YES;
				CLANG_WARN_BOOL_CONVERSION = YES;
				CLANG_WARN_CONSTANT_CONVERSION = YES;
				CLANG_WARN_DIRECT_OBJC_ISA_USAGE = YES_ERROR;
				CLANG_WARN_EMPTY_BODY = YES;
				CLANG_WARN_ENUM_CONVERSION = YES;
				CLANG_WARN_INT_CONVERSION = YES;
				CLANG_WARN_OBJC_ROOT_CLASS = YES_ERROR;
				CLANG_WARN__DUPLICATE_METHOD_MATCH = YES;
				"CODE_SIGN_IDENTITY[sdk=iphoneos*]" = "iPhone Developer";
				COPY_PHASE_STRIP = NO;
				GCC_C_LANGUAGE_STANDARD = gnu99;
				GCC_DYNAMIC_NO_PIC = NO;
				GCC_OPTIMIZATION_LEVEL = 0;
				GCC_PREPROCESSOR_DEFINITIONS = (
					"DEBUG=1",
					"$(inherited)",
				);
				GCC_SYMBOLS_PRIVATE_EXTERN = NO;
				GCC_WARN_64_TO_32_BIT_CONVERSION = YES;
				GCC_WARN_ABOUT_RETURN_TYPE = YES_ERROR;
				GCC_WARN_UNDECLARED_SELECTOR = YES;
				GCC_WARN_UNINITIALIZED_AUTOS = YES_AGGRESSIVE;
				GCC_WARN_UNUSED_FUNCTION = YES;
				GCC_WARN_UNUSED_VARIABLE = YES;
				IPHONEOS_DEPLOYMENT_TARGET = 7.1;
				ONLY_ACTIVE_ARCH = YES;
				SDKROOT = iphoneos;
			};
			name = Debug;
		};
		C0C804C819120D27009C50FA /* Release */ = {
			isa = XCBuildConfiguration;
			buildSettings = {
				ALWAYS_SEARCH_USER_PATHS = NO;
				CLANG_CXX_LANGUAGE_STANDARD = "gnu++0x";
				CLANG_CXX_LIBRARY = "libc++";
				CLANG_ENABLE_MODULES = YES;
				CLANG_ENABLE_OBJC_ARC = YES;
				CLANG_WARN_BOOL_CONVERSION = YES;
				CLANG_WARN_CONSTANT_CONVERSION = YES;
				CLANG_WARN_DIRECT_OBJC_ISA_USAGE = YES_ERROR;
				CLANG_WARN_EMPTY_BODY = YES;
				CLANG_WARN_ENUM_CONVERSION = YES;
				CLANG_WARN_INT_CONVERSION = YES;
				CLANG_WARN_OBJC_ROOT_CLASS = YES_ERROR;
				CLANG_WARN__DUPLICATE_METHOD_MATCH = YES;
				"CODE_SIGN_IDENTITY[sdk=iphoneos*]" = "iPhone Developer";
				COPY_PHASE_STRIP = YES;
				ENABLE_NS_ASSERTIONS = NO;
				GCC_C_LANGUAGE_STANDARD = gnu99;
				GCC_WARN_64_TO_32_BIT_CONVERSION = YES;
				GCC_WARN_ABOUT_RETURN_TYPE = YES_ERROR;
				GCC_WARN_UNDECLARED_SELECTOR = YES;
				GCC_WARN_UNINITIALIZED_AUTOS = YES_AGGRESSIVE;
				GCC_WARN_UNUSED_FUNCTION = YES;
				GCC_WARN_UNUSED_VARIABLE = YES;
				IPHONEOS_DEPLOYMENT_TARGET = 7.1;
				SDKROOT = iphoneos;
				VALIDATE_PRODUCT = YES;
			};
			name = Release;
		};
		C0C804CA19120D27009C50FA /* Debug */ = {
			isa = XCBuildConfiguration;
			baseConfigurationReference = 4A66ADF8C47F4D11B16B8C97 /* Pods.xcconfig */;
			buildSettings = {
				ASSETCATALOG_COMPILER_APPICON_NAME = AppIcon;
				ASSETCATALOG_COMPILER_LAUNCHIMAGE_NAME = LaunchImage;
				GCC_PRECOMPILE_PREFIX_HEADER = YES;
				GCC_PREFIX_HEADER = "Brew/Brew-Prefix.pch";
				INFOPLIST_FILE = "Brew/Brew-Info.plist";
				PRODUCT_NAME = "$(TARGET_NAME)";
				WRAPPER_EXTENSION = app;
			};
			name = Debug;
		};
		C0C804CB19120D27009C50FA /* Release */ = {
			isa = XCBuildConfiguration;
			baseConfigurationReference = 4A66ADF8C47F4D11B16B8C97 /* Pods.xcconfig */;
			buildSettings = {
				ASSETCATALOG_COMPILER_APPICON_NAME = AppIcon;
				ASSETCATALOG_COMPILER_LAUNCHIMAGE_NAME = LaunchImage;
				GCC_PRECOMPILE_PREFIX_HEADER = YES;
				GCC_PREFIX_HEADER = "Brew/Brew-Prefix.pch";
				INFOPLIST_FILE = "Brew/Brew-Info.plist";
				PRODUCT_NAME = "$(TARGET_NAME)";
				WRAPPER_EXTENSION = app;
			};
			name = Release;
		};
		C0C804CD19120D27009C50FA /* Debug */ = {
			isa = XCBuildConfiguration;
			buildSettings = {
				BUNDLE_LOADER = "$(BUILT_PRODUCTS_DIR)/Brew.app/Brew";
				FRAMEWORK_SEARCH_PATHS = (
					"$(SDKROOT)/Developer/Library/Frameworks",
					"$(inherited)",
					"$(DEVELOPER_FRAMEWORKS_DIR)",
				);
				GCC_PRECOMPILE_PREFIX_HEADER = YES;
				GCC_PREFIX_HEADER = "Brew/Brew-Prefix.pch";
				GCC_PREPROCESSOR_DEFINITIONS = (
					"DEBUG=1",
					"$(inherited)",
				);
				INFOPLIST_FILE = "BrewTests/BrewTests-Info.plist";
				PRODUCT_NAME = "$(TARGET_NAME)";
				TEST_HOST = "$(BUNDLE_LOADER)";
				WRAPPER_EXTENSION = xctest;
			};
			name = Debug;
		};
		C0C804CE19120D27009C50FA /* Release */ = {
			isa = XCBuildConfiguration;
			buildSettings = {
				BUNDLE_LOADER = "$(BUILT_PRODUCTS_DIR)/Brew.app/Brew";
				FRAMEWORK_SEARCH_PATHS = (
					"$(SDKROOT)/Developer/Library/Frameworks",
					"$(inherited)",
					"$(DEVELOPER_FRAMEWORKS_DIR)",
				);
				GCC_PRECOMPILE_PREFIX_HEADER = YES;
				GCC_PREFIX_HEADER = "Brew/Brew-Prefix.pch";
				INFOPLIST_FILE = "BrewTests/BrewTests-Info.plist";
				PRODUCT_NAME = "$(TARGET_NAME)";
				TEST_HOST = "$(BUNDLE_LOADER)";
				WRAPPER_EXTENSION = xctest;
			};
			name = Release;
		};
/* End XCBuildConfiguration section */

/* Begin XCConfigurationList section */
		C0C8049219120D27009C50FA /* Build configuration list for PBXProject "Brew" */ = {
			isa = XCConfigurationList;
			buildConfigurations = (
				C0C804C719120D27009C50FA /* Debug */,
				C0C804C819120D27009C50FA /* Release */,
			);
			defaultConfigurationIsVisible = 0;
			defaultConfigurationName = Release;
		};
		C0C804C919120D27009C50FA /* Build configuration list for PBXNativeTarget "Brew" */ = {
			isa = XCConfigurationList;
			buildConfigurations = (
				C0C804CA19120D27009C50FA /* Debug */,
				C0C804CB19120D27009C50FA /* Release */,
			);
			defaultConfigurationIsVisible = 0;
			defaultConfigurationName = Release;
		};
		C0C804CC19120D27009C50FA /* Build configuration list for PBXNativeTarget "BrewTests" */ = {
			isa = XCConfigurationList;
			buildConfigurations = (
				C0C804CD19120D27009C50FA /* Debug */,
				C0C804CE19120D27009C50FA /* Release */,
			);
			defaultConfigurationIsVisible = 0;
			defaultConfigurationName = Release;
		};
/* End XCConfigurationList section */
	};
	rootObject = C0C8048F19120D27009C50FA /* Project object */;
}
